github.com/sams96/hugo-activitypub v0.0.0-20260905081957-ffb304534236 h1:IZiBfj0nkCf0HeDEdoJYmIVWiyzViQqCNpDAwn20DjQ=
github.com/sams96/hugo-activitypub v0.0.0-20260905081957-ffb304534236/go.mod h1:XbE0X2GZu/pBw1StcDoqSs5rKqGYMORuMOH1QY+SjpI=
github.com/sams96/hugo-activitypub v0.0.0-20260905082538-d48956243a23 h1:0FG6rY/sHBiz7UjiDc1wQ9dREN2xzuE4JBtsvDERmrk=
github.com/sams96/hugo-activitypub v0.0.0-20260905082538-d48956243a23/go.mod h1:XbE0X2GZu/pBw1StcDoqSs5rKqGYMORuMOH1QY+SjpI=
